// !$*UTF8*$!
{
	archiveVersion = 1;
	classes = {
	};
	objectVersion = 48;
	objects = {

/* Begin PBXBuildFile section */
		07B19E3A470862B21549DD4C /* Pods_worldskills.framework in Frameworks */ = {isa = PBXBuildFile; fileRef = 7A635985C9F4B663F55FFD68 /* Pods_worldskills.framework */; };
		9BEA3FE32036BD3C008DB388 /* Extensions.swift in Sources */ = {isa = PBXBuildFile; fileRef = 9BEA3FC32036BD3A008DB388 /* Extensions.swift */; };
		9BEA3FE42036BD3C008DB388 /* Championship.swift in Sources */ = {isa = PBXBuildFile; fileRef = 9BEA3FC62036BD3B008DB388 /* Championship.swift */; };
		9BEA3FE52036BD3C008DB388 /* Competition.swift in Sources */ = {isa = PBXBuildFile; fileRef = 9BEA3FC72036BD3B008DB388 /* Competition.swift */; };
		9BEA3FE62036BD3C008DB388 /* News.swift in Sources */ = {isa = PBXBuildFile; fileRef = 9BEA3FC82036BD3B008DB388 /* News.swift */; };
		9BEA3FE72036BD3C008DB388 /* Participant.swift in Sources */ = {isa = PBXBuildFile; fileRef = 9BEA3FC92036BD3B008DB388 /* Participant.swift */; };
		9BEA3FE82036BD3C008DB388 /* LaunchScreen.storyboard in Resources */ = {isa = PBXBuildFile; fileRef = 9BEA3FCC2036BD3B008DB388 /* LaunchScreen.storyboard */; };
		9BEA3FE92036BD3C008DB388 /* Main.storyboard in Resources */ = {isa = PBXBuildFile; fileRef = 9BEA3FCE2036BD3B008DB388 /* Main.storyboard */; };
		9BEA3FEA2036BD3C008DB388 /* ParticipantTableViewCell.swift in Sources */ = {isa = PBXBuildFile; fileRef = 9BEA3FD02036BD3B008DB388 /* ParticipantTableViewCell.swift */; };
		9BEA3FEB2036BD3C008DB388 /* AppDelegate.swift in Sources */ = {isa = PBXBuildFile; fileRef = 9BEA3FD22036BD3C008DB388 /* AppDelegate.swift */; };
		9BEA3FEC2036BD3C008DB388 /* Assets.xcassets in Resources */ = {isa = PBXBuildFile; fileRef = 9BEA3FD32036BD3C008DB388 /* Assets.xcassets */; };
		9BEA3FED2036BD3C008DB388 /* ChampionshipsTableViewController.swift in Sources */ = {isa = PBXBuildFile; fileRef = 9BEA3FD52036BD3C008DB388 /* ChampionshipsTableViewController.swift */; };
		9BEA3FEE2036BD3C008DB388 /* CompetitionsTableViewController.swift in Sources */ = {isa = PBXBuildFile; fileRef = 9BEA3FD62036BD3C008DB388 /* CompetitionsTableViewController.swift */; };
		9BEA3FEF2036BD3C008DB388 /* DetailedCompetitionViewController.swift in Sources */ = {isa = PBXBuildFile; fileRef = 9BEA3FD72036BD3C008DB388 /* DetailedCompetitionViewController.swift */; };
		9BEA3FF02036BD3C008DB388 /* DetailedNewsViewController.swift in Sources */ = {isa = PBXBuildFile; fileRef = 9BEA3FD82036BD3C008DB388 /* DetailedNewsViewController.swift */; };
		9BEA3FF12036BD3C008DB388 /* MapViewController.swift in Sources */ = {isa = PBXBuildFile; fileRef = 9BEA3FD92036BD3C008DB388 /* MapViewController.swift */; };
		9BEA3FF22036BD3C008DB388 /* NewsTableViewController.swift in Sources */ = {isa = PBXBuildFile; fileRef = 9BEA3FDA2036BD3C008DB388 /* NewsTableViewController.swift */; };
		9BEA3FF32036BD3C008DB388 /* ParticipantsTableViewController.swift in Sources */ = {isa = PBXBuildFile; fileRef = 9BEA3FDB2036BD3C008DB388 /* ParticipantsTableViewController.swift */; };
		9BEA3FF42036BD3C008DB388 /* ProfileViewController.swift in Sources */ = {isa = PBXBuildFile; fileRef = 9BEA3FDC2036BD3C008DB388 /* ProfileViewController.swift */; };
		9BEA3FF52036BD3C008DB388 /* SearchResultsTableViewController.swift in Sources */ = {isa = PBXBuildFile; fileRef = 9BEA3FDD2036BD3C008DB388 /* SearchResultsTableViewController.swift */; };
		9BEA3FF62036BD3C008DB388 /* ShareViewController.swift in Sources */ = {isa = PBXBuildFile; fileRef = 9BEA3FDE2036BD3C008DB388 /* ShareViewController.swift */; };
		9BEA3FF72036BD3C008DB388 /* SignInViewController.swift in Sources */ = {isa = PBXBuildFile; fileRef = 9BEA3FDF2036BD3C008DB388 /* SignInViewController.swift */; };
		9BEA3FF82036BD3C008DB388 /* SignUpViewController.swift in Sources */ = {isa = PBXBuildFile; fileRef = 9BEA3FE02036BD3C008DB388 /* SignUpViewController.swift */; };
		9BEA3FF92036BD3C008DB388 /* SMPViewController.swift in Sources */ = {isa = PBXBuildFile; fileRef = 9BEA3FE12036BD3C008DB388 /* SMPViewController.swift */; };
		9BEA3FFA2036BD3C008DB388 /* GoogleService-Info.plist in Resources */ = {isa = PBXBuildFile; fileRef = 9BEA3FE22036BD3C008DB388 /* GoogleService-Info.plist */; };
		9BEA3FFC2036DD31008DB388 /* AddressSettingsViewController.swift in Sources */ = {isa = PBXBuildFile; fileRef = 9BEA3FFB2036DD31008DB388 /* AddressSettingsViewController.swift */; };
		9BEA3FFE2036DDB1008DB388 /* Kolhoz.swift in Sources */ = {isa = PBXBuildFile; fileRef = 9BEA3FFD2036DDB1008DB388 /* Kolhoz.swift */; };
		9BEA40002036F40A008DB388 /* PhotoGalleryCollectionViewController.swift in Sources */ = {isa = PBXBuildFile; fileRef = 9BEA3FFF2036F40A008DB388 /* PhotoGalleryCollectionViewController.swift */; };
		9BEA40022036F4CA008DB388 /* PhotoCollectionViewCell.swift in Sources */ = {isa = PBXBuildFile; fileRef = 9BEA40012036F4CA008DB388 /* PhotoCollectionViewCell.swift */; };
		9BEA400420371127008DB388 /* GalleryTableViewController.swift in Sources */ = {isa = PBXBuildFile; fileRef = 9BEA400320371127008DB388 /* GalleryTableViewController.swift */; };
/* End PBXBuildFile section */

/* Begin PBXFileReference section */
		7A635985C9F4B663F55FFD68 /* Pods_worldskills.framework */ = {isa = PBXFileReference; explicitFileType = wrapper.framework; includeInIndex = 0; path = Pods_worldskills.framework; sourceTree = BUILT_PRODUCTS_DIR; };
		9B79FB402036BC27009ACFE2 /* worldskills.app */ = {isa = PBXFileReference; explicitFileType = wrapper.application; includeInIndex = 0; path = worldskills.app; sourceTree = BUILT_PRODUCTS_DIR; };
		9B79FB4F2036BC27009ACFE2 /* Info.plist */ = {isa = PBXFileReference; lastKnownFileType = text.plist.xml; path = Info.plist; sourceTree = "<group>"; };
		9BEA3FC32036BD3A008DB388 /* Extensions.swift */ = {isa = PBXFileReference; fileEncoding = 4; lastKnownFileType = sourcecode.swift; path = Extensions.swift; sourceTree = "<group>"; };
		9BEA3FC42036BD3B008DB388 /* WorldSkills-Bridging-Header.h */ = {isa = PBXFileReference; fileEncoding = 4; lastKnownFileType = sourcecode.c.h; path = "WorldSkills-Bridging-Header.h"; sourceTree = "<group>"; };
		9BEA3FC62036BD3B008DB388 /* Championship.swift */ = {isa = PBXFileReference; fileEncoding = 4; lastKnownFileType = sourcecode.swift; path = Championship.swift; sourceTree = "<group>"; };
		9BEA3FC72036BD3B008DB388 /* Competition.swift */ = {isa = PBXFileReference; fileEncoding = 4; lastKnownFileType = sourcecode.swift; path = Competition.swift; sourceTree = "<group>"; };
		9BEA3FC82036BD3B008DB388 /* News.swift */ = {isa = PBXFileReference; fileEncoding = 4; lastKnownFileType = sourcecode.swift; path = News.swift; sourceTree = "<group>"; };
		9BEA3FC92036BD3B008DB388 /* Participant.swift */ = {isa = PBXFileReference; fileEncoding = 4; lastKnownFileType = sourcecode.swift; path = Participant.swift; sourceTree = "<group>"; };
		9BEA3FCD2036BD3B008DB388 /* Base */ = {isa = PBXFileReference; lastKnownFileType = file.storyboard; name = Base; path = Base.lproj/LaunchScreen.storyboard; sourceTree = "<group>"; };
		9BEA3FCF2036BD3B008DB388 /* Base */ = {isa = PBXFileReference; lastKnownFileType = file.storyboard; name = Base; path = Base.lproj/Main.storyboard; sourceTree = "<group>"; };
		9BEA3FD02036BD3B008DB388 /* ParticipantTableViewCell.swift */ = {isa = PBXFileReference; fileEncoding = 4; lastKnownFileType = sourcecode.swift; path = ParticipantTableViewCell.swift; sourceTree = "<group>"; };
		9BEA3FD22036BD3C008DB388 /* AppDelegate.swift */ = {isa = PBXFileReference; fileEncoding = 4; lastKnownFileType = sourcecode.swift; path = AppDelegate.swift; sourceTree = "<group>"; };
		9BEA3FD32036BD3C008DB388 /* Assets.xcassets */ = {isa = PBXFileReference; lastKnownFileType = folder.assetcatalog; path = Assets.xcassets; sourceTree = "<group>"; };
		9BEA3FD52036BD3C008DB388 /* ChampionshipsTableViewController.swift */ = {isa = PBXFileReference; fileEncoding = 4; lastKnownFileType = sourcecode.swift; path = ChampionshipsTableViewController.swift; sourceTree = "<group>"; };
		9BEA3FD62036BD3C008DB388 /* CompetitionsTableViewController.swift */ = {isa = PBXFileReference; fileEncoding = 4; lastKnownFileType = sourcecode.swift; path = CompetitionsTableViewController.swift; sourceTree = "<group>"; };
		9BEA3FD72036BD3C008DB388 /* DetailedCompetitionViewController.swift */ = {isa = PBXFileReference; fileEncoding = 4; lastKnownFileType = sourcecode.swift; path = DetailedCompetitionViewController.swift; sourceTree = "<group>"; };
		9BEA3FD82036BD3C008DB388 /* DetailedNewsViewController.swift */ = {isa = PBXFileReference; fileEncoding = 4; lastKnownFileType = sourcecode.swift; path = DetailedNewsViewController.swift; sourceTree = "<group>"; };
		9BEA3FD92036BD3C008DB388 /* MapViewController.swift */ = {isa = PBXFileReference; fileEncoding = 4; lastKnownFileType = sourcecode.swift; path = MapViewController.swift; sourceTree = "<group>"; };
		9BEA3FDA2036BD3C008DB388 /* NewsTableViewController.swift */ = {isa = PBXFileReference; fileEncoding = 4; lastKnownFileType = sourcecode.swift; path = NewsTableViewController.swift; sourceTree = "<group>"; };
		9BEA3FDB2036BD3C008DB388 /* ParticipantsTableViewController.swift */ = {isa = PBXFileReference; fileEncoding = 4; lastKnownFileType = sourcecode.swift; path = ParticipantsTableViewController.swift; sourceTree = "<group>"; };
		9BEA3FDC2036BD3C008DB388 /* ProfileViewController.swift */ = {isa = PBXFileReference; fileEncoding = 4; lastKnownFileType = sourcecode.swift; path = ProfileViewController.swift; sourceTree = "<group>"; };
		9BEA3FDD2036BD3C008DB388 /* SearchResultsTableViewController.swift */ = {isa = PBXFileReference; fileEncoding = 4; lastKnownFileType = sourcecode.swift; path = SearchResultsTableViewController.swift; sourceTree = "<group>"; };
		9BEA3FDE2036BD3C008DB388 /* ShareViewController.swift */ = {isa = PBXFileReference; fileEncoding = 4; lastKnownFileType = sourcecode.swift; path = ShareViewController.swift; sourceTree = "<group>"; };
		9BEA3FDF2036BD3C008DB388 /* SignInViewController.swift */ = {isa = PBXFileReference; fileEncoding = 4; lastKnownFileType = sourcecode.swift; path = SignInViewController.swift; sourceTree = "<group>"; };
		9BEA3FE02036BD3C008DB388 /* SignUpViewController.swift */ = {isa = PBXFileReference; fileEncoding = 4; lastKnownFileType = sourcecode.swift; path = SignUpViewController.swift; sourceTree = "<group>"; };
		9BEA3FE12036BD3C008DB388 /* SMPViewController.swift */ = {isa = PBXFileReference; fileEncoding = 4; lastKnownFileType = sourcecode.swift; path = SMPViewController.swift; sourceTree = "<group>"; };
		9BEA3FE22036BD3C008DB388 /* GoogleService-Info.plist */ = {isa = PBXFileReference; fileEncoding = 4; lastKnownFileType = text.plist.xml; path = "GoogleService-Info.plist"; sourceTree = "<group>"; };
		9BEA3FFB2036DD31008DB388 /* AddressSettingsViewController.swift */ = {isa = PBXFileReference; lastKnownFileType = sourcecode.swift; path = AddressSettingsViewController.swift; sourceTree = "<group>"; };
		9BEA3FFD2036DDB1008DB388 /* Kolhoz.swift */ = {isa = PBXFileReference; lastKnownFileType = sourcecode.swift; path = Kolhoz.swift; sourceTree = "<group>"; };
		9BEA3FFF2036F40A008DB388 /* PhotoGalleryCollectionViewController.swift */ = {isa = PBXFileReference; lastKnownFileType = sourcecode.swift; name = PhotoGalleryCollectionViewController.swift; path = worldskills/Controllers/PhotoGalleryCollectionViewController.swift; sourceTree = SOURCE_ROOT; };
		9BEA40012036F4CA008DB388 /* PhotoCollectionViewCell.swift */ = {isa = PBXFileReference; lastKnownFileType = sourcecode.swift; path = PhotoCollectionViewCell.swift; sourceTree = "<group>"; };
		9BEA400320371127008DB388 /* GalleryTableViewController.swift */ = {isa = PBXFileReference; lastKnownFileType = sourcecode.swift; path = GalleryTableViewController.swift; sourceTree = "<group>"; };
		D40C6470F78E398FC9E217E9 /* Pods-worldskills.debug.xcconfig */ = {isa = PBXFileReference; includeInIndex = 1; lastKnownFileType = text.xcconfig; name = "Pods-worldskills.debug.xcconfig"; path = "Pods/Target Support Files/Pods-worldskills/Pods-worldskills.debug.xcconfig"; sourceTree = "<group>"; };
		FDF4D985CF7FEA4003B12539 /* Pods-worldskills.release.xcconfig */ = {isa = PBXFileReference; includeInIndex = 1; lastKnownFileType = text.xcconfig; name = "Pods-worldskills.release.xcconfig"; path = "Pods/Target Support Files/Pods-worldskills/Pods-worldskills.release.xcconfig"; sourceTree = "<group>"; };
/* End PBXFileReference section */

/* Begin PBXFrameworksBuildPhase section */
		9B79FB3D2036BC27009ACFE2 /* Frameworks */ = {
			isa = PBXFrameworksBuildPhase;
			buildActionMask = 2147483647;
			files = (
				07B19E3A470862B21549DD4C /* Pods_worldskills.framework in Frameworks */,
			);
			runOnlyForDeploymentPostprocessing = 0;
		};
/* End PBXFrameworksBuildPhase section */

/* Begin PBXGroup section */
		9B79FB372036BC27009ACFE2 = {
			isa = PBXGroup;
			children = (
				9B79FB422036BC27009ACFE2 /* worldskills */,
				9B79FB412036BC27009ACFE2 /* Products */,
				A76D2FC3491895433C807BCF /* Pods */,
				C043A4A391993A9EE45F4291 /* Frameworks */,
			);
			sourceTree = "<group>";
		};
		9B79FB412036BC27009ACFE2 /* Products */ = {
			isa = PBXGroup;
			children = (
				9B79FB402036BC27009ACFE2 /* worldskills.app */,
			);
			name = Products;
			sourceTree = "<group>";
		};
		9B79FB422036BC27009ACFE2 /* worldskills */ = {
			isa = PBXGroup;
			children = (
				9BEA3FCA2036BD3B008DB388 /* Base.lproj */,
				9BEA3FD42036BD3C008DB388 /* Controllers */,
				9BEA3FC22036BD3A008DB388 /* Extensions */,
				9BEA3FE22036BD3C008DB388 /* GoogleService-Info.plist */,
				9BEA3FC52036BD3B008DB388 /* Models */,
				9BEA3FD12036BD3C008DB388 /* Supportive files */,
				9BEA3FCB2036BD3B008DB388 /* Views */,
				9BEA3FC42036BD3B008DB388 /* WorldSkills-Bridging-Header.h */,
				9B79FB4F2036BC27009ACFE2 /* Info.plist */,
			);
			path = worldskills;
			sourceTree = "<group>";
		};
		9BEA3FC22036BD3A008DB388 /* Extensions */ = {
			isa = PBXGroup;
			children = (
				9BEA3FC32036BD3A008DB388 /* Extensions.swift */,
			);
			path = Extensions;
			sourceTree = "<group>";
		};
		9BEA3FC52036BD3B008DB388 /* Models */ = {
			isa = PBXGroup;
			children = (
				9BEA3FC62036BD3B008DB388 /* Championship.swift */,
				9BEA3FC72036BD3B008DB388 /* Competition.swift */,
				9BEA3FC82036BD3B008DB388 /* News.swift */,
				9BEA3FC92036BD3B008DB388 /* Participant.swift */,
			);
			path = Models;
			sourceTree = "<group>";
		};
		9BEA3FCA2036BD3B008DB388 /* Base.lproj */ = {
			isa = PBXGroup;
			children = (
			);
			name = Base.lproj;
			path = ../Base.lproj;
			sourceTree = "<group>";
		};
		9BEA3FCB2036BD3B008DB388 /* Views */ = {
			isa = PBXGroup;
			children = (
				9BEA40012036F4CA008DB388 /* PhotoCollectionViewCell.swift */,
				9BEA3FCC2036BD3B008DB388 /* LaunchScreen.storyboard */,
				9BEA3FCE2036BD3B008DB388 /* Main.storyboard */,
				9BEA3FD02036BD3B008DB388 /* ParticipantTableViewCell.swift */,
			);
			path = Views;
			sourceTree = "<group>";
		};
		9BEA3FD12036BD3C008DB388 /* Supportive files */ = {
			isa = PBXGroup;
			children = (
				9BEA3FFD2036DDB1008DB388 /* Kolhoz.swift */,
				9BEA3FD22036BD3C008DB388 /* AppDelegate.swift */,
				9BEA3FD32036BD3C008DB388 /* Assets.xcassets */,
			);
			path = "Supportive files";
			sourceTree = "<group>";
		};
		9BEA3FD42036BD3C008DB388 /* Controllers */ = {
			isa = PBXGroup;
			children = (
				9BEA3FFB2036DD31008DB388 /* AddressSettingsViewController.swift */,
				9BEA3FDA2036BD3C008DB388 /* NewsTableViewController.swift */,
				9BEA3FD82036BD3C008DB388 /* DetailedNewsViewController.swift */,
				9BEA3FD52036BD3C008DB388 /* ChampionshipsTableViewController.swift */,
				9BEA3FD62036BD3C008DB388 /* CompetitionsTableViewController.swift */,
				9BEA3FD72036BD3C008DB388 /* DetailedCompetitionViewController.swift */,
				9BEA3FD92036BD3C008DB388 /* MapViewController.swift */,
				9BEA3FDB2036BD3C008DB388 /* ParticipantsTableViewController.swift */,
				9BEA3FDC2036BD3C008DB388 /* ProfileViewController.swift */,
				9BEA3FDD2036BD3C008DB388 /* SearchResultsTableViewController.swift */,
				9BEA3FDE2036BD3C008DB388 /* ShareViewController.swift */,
				9BEA3FDF2036BD3C008DB388 /* SignInViewController.swift */,
				9BEA3FE02036BD3C008DB388 /* SignUpViewController.swift */,
				9BEA3FE12036BD3C008DB388 /* SMPViewController.swift */,
				9BEA3FFF2036F40A008DB388 /* PhotoGalleryCollectionViewController.swift */,
				9BEA400320371127008DB388 /* GalleryTableViewController.swift */,
			);
			path = Controllers;
			sourceTree = "<group>";
		};
		A76D2FC3491895433C807BCF /* Pods */ = {
			isa = PBXGroup;
			children = (
				D40C6470F78E398FC9E217E9 /* Pods-worldskills.debug.xcconfig */,
				FDF4D985CF7FEA4003B12539 /* Pods-worldskills.release.xcconfig */,
			);
			name = Pods;
			sourceTree = "<group>";
		};
		C043A4A391993A9EE45F4291 /* Frameworks */ = {
			isa = PBXGroup;
			children = (
				7A635985C9F4B663F55FFD68 /* Pods_worldskills.framework */,
			);
			name = Frameworks;
			sourceTree = "<group>";
		};
/* End PBXGroup section */

/* Begin PBXNativeTarget section */
		9B79FB3F2036BC27009ACFE2 /* worldskills */ = {
			isa = PBXNativeTarget;
			buildConfigurationList = 9B79FB522036BC27009ACFE2 /* Build configuration list for PBXNativeTarget "worldskills" */;
			buildPhases = (
				E86B2BD8593322A97344B651 /* [CP] Check Pods Manifest.lock */,
				9B79FB3C2036BC27009ACFE2 /* Sources */,
				9B79FB3D2036BC27009ACFE2 /* Frameworks */,
				9B79FB3E2036BC27009ACFE2 /* Resources */,
				3352C98D50443B2BB408BEE9 /* [CP] Embed Pods Frameworks */,
				D81EA0CFCCCCFB36F82F7560 /* [CP] Copy Pods Resources */,
			);
			buildRules = (
			);
			dependencies = (
			);
			name = worldskills;
			productName = worldskills;
			productReference = 9B79FB402036BC27009ACFE2 /* worldskills.app */;
			productType = "com.apple.product-type.application";
		};
/* End PBXNativeTarget section */

/* Begin PBXProject section */
		9B79FB382036BC27009ACFE2 /* Project object */ = {
			isa = PBXProject;
			attributes = {
				LastSwiftUpdateCheck = 0920;
				LastUpgradeCheck = 0920;
				ORGANIZATIONNAME = ladmin;
				TargetAttributes = {
					9B79FB3F2036BC27009ACFE2 = {
						CreatedOnToolsVersion = 9.2;
						ProvisioningStyle = Automatic;
					};
				};
			};
			buildConfigurationList = 9B79FB3B2036BC27009ACFE2 /* Build configuration list for PBXProject "worldskills" */;
			compatibilityVersion = "Xcode 8.0";
			developmentRegion = en;
			hasScannedForEncodings = 0;
			knownRegions = (
				en,
				Base,
			);
			mainGroup = 9B79FB372036BC27009ACFE2;
			productRefGroup = 9B79FB412036BC27009ACFE2 /* Products */;
			projectDirPath = "";
			projectRoot = "";
			targets = (
				9B79FB3F2036BC27009ACFE2 /* worldskills */,
			);
		};
/* End PBXProject section */

/* Begin PBXResourcesBuildPhase section */
		9B79FB3E2036BC27009ACFE2 /* Resources */ = {
			isa = PBXResourcesBuildPhase;
			buildActionMask = 2147483647;
			files = (
				9BEA3FE92036BD3C008DB388 /* Main.storyboard in Resources */,
				9BEA3FE82036BD3C008DB388 /* LaunchScreen.storyboard in Resources */,
				9BEA3FEC2036BD3C008DB388 /* Assets.xcassets in Resources */,
				9BEA3FFA2036BD3C008DB388 /* GoogleService-Info.plist in Resources */,
			);
			runOnlyForDeploymentPostprocessing = 0;
		};
/* End PBXResourcesBuildPhase section */

/* Begin PBXShellScriptBuildPhase section */
		3352C98D50443B2BB408BEE9 /* [CP] Embed Pods Frameworks */ = {
			isa = PBXShellScriptBuildPhase;
			buildActionMask = 2147483647;
			files = (
			);
			inputPaths = (
				"${SRCROOT}/Pods/Target Support Files/Pods-worldskills/Pods-worldskills-frameworks.sh",
				"${BUILT_PRODUCTS_DIR}/GTMSessionFetcher/GTMSessionFetcher.framework",
				"${BUILT_PRODUCTS_DIR}/GoogleToolboxForMac/GoogleToolboxForMac.framework",
				"${BUILT_PRODUCTS_DIR}/leveldb-library/leveldb.framework",
				"${BUILT_PRODUCTS_DIR}/nanopb/nanopb.framework",
			);
			name = "[CP] Embed Pods Frameworks";
			outputPaths = (
				"${TARGET_BUILD_DIR}/${FRAMEWORKS_FOLDER_PATH}/GTMSessionFetcher.framework",
				"${TARGET_BUILD_DIR}/${FRAMEWORKS_FOLDER_PATH}/GoogleToolboxForMac.framework",
				"${TARGET_BUILD_DIR}/${FRAMEWORKS_FOLDER_PATH}/leveldb.framework",
				"${TARGET_BUILD_DIR}/${FRAMEWORKS_FOLDER_PATH}/nanopb.framework",
			);
			runOnlyForDeploymentPostprocessing = 0;
			shellPath = /bin/sh;
			shellScript = "\"${SRCROOT}/Pods/Target Support Files/Pods-worldskills/Pods-worldskills-frameworks.sh\"\n";
			showEnvVarsInLog = 0;
		};
		D81EA0CFCCCCFB36F82F7560 /* [CP] Copy Pods Resources */ = {
			isa = PBXShellScriptBuildPhase;
			buildActionMask = 2147483647;
			files = (
			);
			inputPaths = (
			);
			name = "[CP] Copy Pods Resources";
			outputPaths = (
			);
			runOnlyForDeploymentPostprocessing = 0;
			shellPath = /bin/sh;
			shellScript = "\"${SRCROOT}/Pods/Target Support Files/Pods-worldskills/Pods-worldskills-resources.sh\"\n";
			showEnvVarsInLog = 0;
		};
		E86B2BD8593322A97344B651 /* [CP] Check Pods Manifest.lock */ = {
			isa = PBXShellScriptBuildPhase;
			buildActionMask = 2147483647;
			files = (
			);
			inputPaths = (
				"${PODS_PODFILE_DIR_PATH}/Podfile.lock",
				"${PODS_ROOT}/Manifest.lock",
			);
			name = "[CP] Check Pods Manifest.lock";
			outputPaths = (
				"$(DERIVED_FILE_DIR)/Pods-worldskills-checkManifestLockResult.txt",
			);
			runOnlyForDeploymentPostprocessing = 0;
			shellPath = /bin/sh;
			shellScript = "diff \"${PODS_PODFILE_DIR_PATH}/Podfile.lock\" \"${PODS_ROOT}/Manifest.lock\" > /dev/null\nif [ $? != 0 ] ; then\n    # print error to STDERR\n    echo \"error: The sandbox is not in sync with the Podfile.lock. Run 'pod install' or update your CocoaPods installation.\" >&2\n    exit 1\nfi\n# This output is used by Xcode 'outputs' to avoid re-running this script phase.\necho \"SUCCESS\" > \"${SCRIPT_OUTPUT_FILE_0}\"\n";
			showEnvVarsInLog = 0;
		};
/* End PBXShellScriptBuildPhase section */

/* Begin PBXSourcesBuildPhase section */
		9B79FB3C2036BC27009ACFE2 /* Sources */ = {
			isa = PBXSourcesBuildPhase;
			buildActionMask = 2147483647;
			files = (
				9BEA3FE62036BD3C008DB388 /* News.swift in Sources */,
				9BEA3FFC2036DD31008DB388 /* AddressSettingsViewController.swift in Sources */,
				9BEA40002036F40A008DB388 /* PhotoGalleryCollectionViewController.swift in Sources */,
				9BEA3FFE2036DDB1008DB388 /* Kolhoz.swift in Sources */,
				9BEA3FF02036BD3C008DB388 /* DetailedNewsViewController.swift in Sources */,
				9BEA3FE42036BD3C008DB388 /* Championship.swift in Sources */,
				9BEA3FE52036BD3C008DB388 /* Competition.swift in Sources */,
				9BEA3FEB2036BD3C008DB388 /* AppDelegate.swift in Sources */,
				9BEA3FEF2036BD3C008DB388 /* DetailedCompetitionViewController.swift in Sources */,
				9BEA3FF62036BD3C008DB388 /* ShareViewController.swift in Sources */,
				9BEA3FED2036BD3C008DB388 /* ChampionshipsTableViewController.swift in Sources */,
				9BEA3FF72036BD3C008DB388 /* SignInViewController.swift in Sources */,
				9BEA3FF42036BD3C008DB388 /* ProfileViewController.swift in Sources */,
				9BEA3FEA2036BD3C008DB388 /* ParticipantTableViewCell.swift in Sources */,
				9BEA3FF22036BD3C008DB388 /* NewsTableViewController.swift in Sources */,
				9BEA3FF32036BD3C008DB388 /* ParticipantsTableViewController.swift in Sources */,
				9BEA3FE72036BD3C008DB388 /* Participant.swift in Sources */,
				9BEA40022036F4CA008DB388 /* PhotoCollectionViewCell.swift in Sources */,
				9BEA3FF82036BD3C008DB388 /* SignUpViewController.swift in Sources */,
				9BEA3FE32036BD3C008DB388 /* Extensions.swift in Sources */,
				9BEA3FF52036BD3C008DB388 /* SearchResultsTableViewController.swift in Sources */,
				9BEA3FEE2036BD3C008DB388 /* CompetitionsTableViewController.swift in Sources */,
				9BEA400420371127008DB388 /* GalleryTableViewController.swift in Sources */,
				9BEA3FF12036BD3C008DB388 /* MapViewController.swift in Sources */,
				9BEA3FF92036BD3C008DB388 /* SMPViewController.swift in Sources */,
			);
			runOnlyForDeploymentPostprocessing = 0;
		};
/* End PBXSourcesBuildPhase section */

/* Begin PBXVariantGroup section */
		9BEA3FCC2036BD3B008DB388 /* LaunchScreen.storyboard */ = {
			isa = PBXVariantGroup;
			children = (
				9BEA3FCD2036BD3B008DB388 /* Base */,
			);
			name = LaunchScreen.storyboard;
			sourceTree = "<group>";
		};
		9BEA3FCE2036BD3B008DB388 /* Main.storyboard */ = {
			isa = PBXVariantGroup;
			children = (
				9BEA3FCF2036BD3B008DB388 /* Base */,
			);
			name = Main.storyboard;
			sourceTree = "<group>";
		};
/* End PBXVariantGroup section */

/* Begin XCBuildConfiguration section */
		9B79FB502036BC27009ACFE2 /* Debug */ = {
			isa = XCBuildConfiguration;
			buildSettings = {
				ALWAYS_SEARCH_USER_PATHS = NO;
				CLANG_ANALYZER_NONNULL = YES;
				CLANG_ANALYZER_NUMBER_OBJECT_CONVERSION = YES_AGGRESSIVE;
				CLANG_CXX_LANGUAGE_STANDARD = "gnu++14";
				CLANG_CXX_LIBRARY = "libc++";
				CLANG_ENABLE_MODULES = YES;
				CLANG_ENABLE_OBJC_ARC = YES;
				CLANG_WARN_BLOCK_CAPTURE_AUTORELEASING = YES;
				CLANG_WARN_BOOL_CONVERSION = YES;
				CLANG_WARN_COMMA = YES;
				CLANG_WARN_CONSTANT_CONVERSION = YES;
				CLANG_WARN_DIRECT_OBJC_ISA_USAGE = YES_ERROR;
				CLANG_WARN_DOCUMENTATION_COMMENTS = YES;
				CLANG_WARN_EMPTY_BODY = YES;
				CLANG_WARN_ENUM_CONVERSION = YES;
				CLANG_WARN_INFINITE_RECURSION = YES;
				CLANG_WARN_INT_CONVERSION = YES;
				CLANG_WARN_NON_LITERAL_NULL_CONVERSION = YES;
				CLANG_WARN_OBJC_LITERAL_CONVERSION = YES;
				CLANG_WARN_OBJC_ROOT_CLASS = YES_ERROR;
				CLANG_WARN_RANGE_LOOP_ANALYSIS = YES;
				CLANG_WARN_STRICT_PROTOTYPES = YES;
				CLANG_WARN_SUSPICIOUS_MOVE = YES;
				CLANG_WARN_UNGUARDED_AVAILABILITY = YES_AGGRESSIVE;
				CLANG_WARN_UNREACHABLE_CODE = YES;
				CLANG_WARN__DUPLICATE_METHOD_MATCH = YES;
				CODE_SIGN_IDENTITY = "iPhone Developer";
				COPY_PHASE_STRIP = NO;
				DEBUG_INFORMATION_FORMAT = dwarf;
				ENABLE_STRICT_OBJC_MSGSEND = YES;
				ENABLE_TESTABILITY = YES;
				GCC_C_LANGUAGE_STANDARD = gnu11;
				GCC_DYNAMIC_NO_PIC = NO;
				GCC_NO_COMMON_BLOCKS = YES;
				GCC_OPTIMIZATION_LEVEL = 0;
				GCC_PREPROCESSOR_DEFINITIONS = (
					"DEBUG=1",
					"$(inherited)",
				);
				GCC_WARN_64_TO_32_BIT_CONVERSION = YES;
				GCC_WARN_ABOUT_RETURN_TYPE = YES_ERROR;
				GCC_WARN_UNDECLARED_SELECTOR = YES;
				GCC_WARN_UNINITIALIZED_AUTOS = YES_AGGRESSIVE;
				GCC_WARN_UNUSED_FUNCTION = YES;
				GCC_WARN_UNUSED_VARIABLE = YES;
				IPHONEOS_DEPLOYMENT_TARGET = 11.2;
				MTL_ENABLE_DEBUG_INFO = YES;
				ONLY_ACTIVE_ARCH = YES;
				SDKROOT = iphoneos;
				SWIFT_ACTIVE_COMPILATION_CONDITIONS = DEBUG;
				SWIFT_OPTIMIZATION_LEVEL = "-Onone";
			};
			name = Debug;
		};
		9B79FB512036BC27009ACFE2 /* Release */ = {
			isa = XCBuildConfiguration;
			buildSettings = {
				ALWAYS_SEARCH_USER_PATHS = NO;
				CLANG_ANALYZER_NONNULL = YES;
				CLANG_ANALYZER_NUMBER_OBJECT_CONVERSION = YES_AGGRESSIVE;
				CLANG_CXX_LANGUAGE_STANDARD = "gnu++14";
				CLANG_CXX_LIBRARY = "libc++";
				CLANG_ENABLE_MODULES = YES;
				CLANG_ENABLE_OBJC_ARC = YES;
				CLANG_WARN_BLOCK_CAPTURE_AUTORELEASING = YES;
				CLANG_WARN_BOOL_CONVERSION = YES;
				CLANG_WARN_COMMA = YES;
				CLANG_WARN_CONSTANT_CONVERSION = YES;
				CLANG_WARN_DIRECT_OBJC_ISA_USAGE = YES_ERROR;
				CLANG_WARN_DOCUMENTATION_COMMENTS = YES;
				CLANG_WARN_EMPTY_BODY = YES;
				CLANG_WARN_ENUM_CONVERSION = YES;
				CLANG_WARN_INFINITE_RECURSION = YES;
				CLANG_WARN_INT_CONVERSION = YES;
				CLANG_WARN_NON_LITERAL_NULL_CONVERSION = YES;
				CLANG_WARN_OBJC_LITERAL_CONVERSION = YES;
				CLANG_WARN_OBJC_ROOT_CLASS = YES_ERROR;
				CLANG_WARN_RANGE_LOOP_ANALYSIS = YES;
				CLANG_WARN_STRICT_PROTOTYPES = YES;
				CLANG_WARN_SUSPICIOUS_MOVE = YES;
				CLANG_WARN_UNGUARDED_AVAILABILITY = YES_AGGRESSIVE;
				CLANG_WARN_UNREACHABLE_CODE = YES;
				CLANG_WARN__DUPLICATE_METHOD_MATCH = YES;
				CODE_SIGN_IDENTITY = "iPhone Developer";
				COPY_PHASE_STRIP = NO;
				DEBUG_INFORMATION_FORMAT = "dwarf-with-dsym";
				ENABLE_NS_ASSERTIONS = NO;
				ENABLE_STRICT_OBJC_MSGSEND = YES;
				GCC_C_LANGUAGE_STANDARD = gnu11;
				GCC_NO_COMMON_BLOCKS = YES;
				GCC_WARN_64_TO_32_BIT_CONVERSION = YES;
				GCC_WARN_ABOUT_RETURN_TYPE = YES_ERROR;
				GCC_WARN_UNDECLARED_SELECTOR = YES;
				GCC_WARN_UNINITIALIZED_AUTOS = YES_AGGRESSIVE;
				GCC_WARN_UNUSED_FUNCTION = YES;
				GCC_WARN_UNUSED_VARIABLE = YES;
				IPHONEOS_DEPLOYMENT_TARGET = 11.2;
				MTL_ENABLE_DEBUG_INFO = NO;
				SDKROOT = iphoneos;
				SWIFT_OPTIMIZATION_LEVEL = "-Owholemodule";
				VALIDATE_PRODUCT = YES;
			};
			name = Release;
		};
		9B79FB532036BC27009ACFE2 /* Debug */ = {
			isa = XCBuildConfiguration;
			baseConfigurationReference = D40C6470F78E398FC9E217E9 /* Pods-worldskills.debug.xcconfig */;
			buildSettings = {
				ASSETCATALOG_COMPILER_APPICON_NAME = AppIcon;
				CODE_SIGN_STYLE = Automatic;
				INFOPLIST_FILE = worldskills/Info.plist;
				LD_RUNPATH_SEARCH_PATHS = "$(inherited) @executable_path/Frameworks";
				PRODUCT_BUNDLE_IDENTIFIER = moscow.worldskills;
				PRODUCT_NAME = "$(TARGET_NAME)";
				SWIFT_VERSION = 4.0;
				TARGETED_DEVICE_FAMILY = "1,2";
			};
			name = Debug;
		};
		9B79FB542036BC27009ACFE2 /* Release */ = {
			isa = XCBuildConfiguration;
			baseConfigurationReference = FDF4D985CF7FEA4003B12539 /* Pods-worldskills.release.xcconfig */;
			buildSettings = {
				ASSETCATALOG_COMPILER_APPICON_NAME = AppIcon;
				CODE_SIGN_STYLE = Automatic;
				INFOPLIST_FILE = worldskills/Info.plist;
				LD_RUNPATH_SEARCH_PATHS = "$(inherited) @executable_path/Frameworks";
				PRODUCT_BUNDLE_IDENTIFIER = moscow.worldskills;
				PRODUCT_NAME = "$(TARGET_NAME)";
				SWIFT_VERSION = 4.0;
				TARGETED_DEVICE_FAMILY = "1,2";
			};
			name = Release;
		};
/* End XCBuildConfiguration section */

/* Begin XCConfigurationList section */
		9B79FB3B2036BC27009ACFE2 /* Build configuration list for PBXProject "worldskills" */ = {
			isa = XCConfigurationList;
			buildConfigurations = (
				9B79FB502036BC27009ACFE2 /* Debug */,
				9B79FB512036BC27009ACFE2 /* Release */,
			);
			defaultConfigurationIsVisible = 0;
			defaultConfigurationName = Release;
		};
		9B79FB522036BC27009ACFE2 /* Build configuration list for PBXNativeTarget "worldskills" */ = {
			isa = XCConfigurationList;
			buildConfigurations = (
				9B79FB532036BC27009ACFE2 /* Debug */,
				9B79FB542036BC27009ACFE2 /* Release */,
			);
			defaultConfigurationIsVisible = 0;
			defaultConfigurationName = Release;
		};
/* End XCConfigurationList section */
	};
	rootObject = 9B79FB382036BC27009ACFE2 /* Project object */;
}
